
Microsoft Visual Studio Solution File, Format Version 12.00
# Visual Studio Version 17
VisualStudioVersion = 17.8.34322.80
MinimumVisualStudioVersion = 10.0.40219.1
Project("{9A19103F-16F7-4668-BE54-9A1E7A4F7556}") = "National_Park_Api_Project", "National_Park_Api_Project\National_Park_Api_Project.csproj", "{2BFAE669-9CB2-4EC1-91D0-F4BD47D25B2C}"
EndProject
Project("{FAE04EC0-301F-11D3-BF4B-00C04F79EFBC}") = "NationalParkWebApp", "NationalParkWebApp\NationalParkWebApp.csproj", "{5533CA86-59A4-4D29-AC5D-6E2AC59AAEC4}"
EndProject
Global
	GlobalSection(SolutionConfigurationPlatforms) = preSolution
		Debug|Any CPU = Debug|Any CPU
		Release|Any CPU = Release|Any CPU
	EndGlobalSection
	GlobalSection(ProjectConfigurationPlatforms) = postSolution
		{2BFAE669-9CB2-4EC1-91D0-F4BD47D25B2C}.Debug|Any CPU.ActiveCfg = Debug|Any CPU
		{2BFAE669-9CB2-4EC1-91D0-F4BD47D25B2C}.Debug|Any CPU.Build.0 = Debug|Any CPU
		{2BFAE669-9CB2-4EC1-91D0-F4BD47D25B2C}.Release|Any CPU.ActiveCfg = Release|Any CPU
		{2BFAE669-9CB2-4EC1-91D0-F4BD47D25B2C}.Release|Any CPU.Build.0 = Release|Any CPU
		{5533CA86-59A4-4D29-AC5D-6E2AC59AAEC4}.Debug|Any CPU.ActiveCfg = Debug|Any CPU
		{5533CA86-59A4-4D29-AC5D-6E2AC59AAEC4}.Debug|Any CPU.Build.0 = Debug|Any CPU
		{5533CA86-59A4-4D29-AC5D-6E2AC59AAEC4}.Release|Any CPU.ActiveCfg = Release|Any CPU
		{5533CA86-59A4-4D29-AC5D-6E2AC59AAEC4}.Release|Any CPU.Build.0 = Release|Any CPU
	EndGlobalSection
	GlobalSection(SolutionProperties) = preSolution
		HideSolutionNode = FALSE
	EndGlobalSection
	GlobalSection(ExtensibilityGlobals) = postSolution
		SolutionGuid = {F658D824-9610-4FA7-8670-7A59169F82A4}
	EndGlobalSection
EndGlobal
